
Microsoft Visual Studio Solution File, Format Version 12.00
# Visual Studio Version 16
VisualStudioVersion = 16.0.29503.13
MinimumVisualStudioVersion = 10.0.40219.1
Project("{FAE04EC0-301F-11D3-BF4B-00C04F79EFBC}") = "admissionSystem", "admissionSystem\admissionSystem.csproj", "{F3F7DDAE-C408-4EF3-A10E-EEB57164CD1E}"
EndProject
Project("{FAE04EC0-301F-11D3-BF4B-00C04F79EFBC}") = "QRScan", "QRScan\QRScan.csproj", "{D348BD5E-6FF1-4FF3-834B-ADE6055CC417}"
EndProject
Global
	GlobalSection(SolutionConfigurationPlatforms) = preSolution
		Debug|Any CPU = Debug|Any CPU
		Release|Any CPU = Release|Any CPU
	EndGlobalSection
	GlobalSection(ProjectConfigurationPlatforms) = postSolution
		{F3F7DDAE-C408-4EF3-A10E-EEB57164CD1E}.Debug|Any CPU.ActiveCfg = Debug|Any CPU
		{F3F7DDAE-C408-4EF3-A10E-EEB57164CD1E}.Debug|Any CPU.Build.0 = Debug|Any CPU
		{F3F7DDAE-C408-4EF3-A10E-EEB57164CD1E}.Release|Any CPU.ActiveCfg = Release|Any CPU
		{F3F7DDAE-C408-4EF3-A10E-EEB57164CD1E}.Release|Any CPU.Build.0 = Release|Any CPU
		{D348BD5E-6FF1-4FF3-834B-ADE6055CC417}.Debug|Any CPU.ActiveCfg = Debug|Any CPU
		{D348BD5E-6FF1-4FF3-834B-ADE6055CC417}.Debug|Any CPU.Build.0 = Debug|Any CPU
		{D348BD5E-6FF1-4FF3-834B-ADE6055CC417}.Release|Any CPU.ActiveCfg = Release|Any CPU
		{D348BD5E-6FF1-4FF3-834B-ADE6055CC417}.Release|Any CPU.Build.0 = Release|Any CPU
	EndGlobalSection
	GlobalSection(SolutionProperties) = preSolution
		HideSolutionNode = FALSE
	EndGlobalSection
	GlobalSection(ExtensibilityGlobals) = postSolution
		SolutionGuid = {BDA28AEB-7279-497A-A68A-CA65FF6408AC}
	EndGlobalSection
EndGlobal
